
Microsoft Visual Studio Solution File, Format Version 12.00
Project("{FAE04EC0-301F-11D3-BF4B-00C04F79EFBC}") = "DatabaseWithCSharp.SQL", "DatabaseWithCSharp.SQL\DatabaseWithCSharp.SQL.csproj", "{5F7E66A2-2471-4C86-949B-7D10EA2D0679}"
EndProject
Project("{FAE04EC0-301F-11D3-BF4B-00C04F79EFBC}") = "EFDatabase", "EFDatabase\EFDatabase.csproj", "{2343DECB-8DEE-4EAB-A17E-2B3AF2EFE6F8}"
EndProject
Global
	GlobalSection(SolutionConfigurationPlatforms) = preSolution
		Debug|Any CPU = Debug|Any CPU
		Release|Any CPU = Release|Any CPU
	EndGlobalSection
	GlobalSection(ProjectConfigurationPlatforms) = postSolution
		{5F7E66A2-2471-4C86-949B-7D10EA2D0679}.Debug|Any CPU.ActiveCfg = Debug|Any CPU
		{5F7E66A2-2471-4C86-949B-7D10EA2D0679}.Debug|Any CPU.Build.0 = Debug|Any CPU
		{5F7E66A2-2471-4C86-949B-7D10EA2D0679}.Release|Any CPU.ActiveCfg = Release|Any CPU
		{5F7E66A2-2471-4C86-949B-7D10EA2D0679}.Release|Any CPU.Build.0 = Release|Any CPU
		{2343DECB-8DEE-4EAB-A17E-2B3AF2EFE6F8}.Debug|Any CPU.ActiveCfg = Debug|Any CPU
		{2343DECB-8DEE-4EAB-A17E-2B3AF2EFE6F8}.Debug|Any CPU.Build.0 = Debug|Any CPU
		{2343DECB-8DEE-4EAB-A17E-2B3AF2EFE6F8}.Release|Any CPU.ActiveCfg = Release|Any CPU
		{2343DECB-8DEE-4EAB-A17E-2B3AF2EFE6F8}.Release|Any CPU.Build.0 = Release|Any CPU
	EndGlobalSection
EndGlobal
